
Microsoft Visual Studio Solution File, Format Version 12.00
# Visual Studio Version 17
VisualStudioVersion = 17.1.32407.343
MinimumVisualStudioVersion = 10.0.40219.1
Project("{FAE04EC0-301F-11D3-BF4B-00C04F79EFBC}") = "AddTimeEntry", "AddTimeEntry\AddTimeEntry.csproj", "{DEE0683F-3D38-4ECA-B4F4-AB2537830BD3}"
EndProject
Project("{FAE04EC0-301F-11D3-BF4B-00C04F79EFBC}") = "Services", "Services\Services.csproj", "{55925353-92EF-41F5-990E-8D8B35772525}"
EndProject
Project("{FAE04EC0-301F-11D3-BF4B-00C04F79EFBC}") = "DAL", "DAL\DAL.csproj", "{94A06A83-BD13-49E1-AFF8-2FBACE8E54C6}"
EndProject
Project("{FAE04EC0-301F-11D3-BF4B-00C04F79EFBC}") = "AddTimeEntry.Tests", "AddTimeEntry.Tests\AddTimeEntry.Tests.csproj", "{DF5B728F-D635-49B8-98C4-FB25D53EDC72}"
EndProject
Global
	GlobalSection(SolutionConfigurationPlatforms) = preSolution
		Debug|Any CPU = Debug|Any CPU
		Release|Any CPU = Release|Any CPU
	EndGlobalSection
	GlobalSection(ProjectConfigurationPlatforms) = postSolution
		{DEE0683F-3D38-4ECA-B4F4-AB2537830BD3}.Debug|Any CPU.ActiveCfg = Debug|Any CPU
		{DEE0683F-3D38-4ECA-B4F4-AB2537830BD3}.Debug|Any CPU.Build.0 = Debug|Any CPU
		{DEE0683F-3D38-4ECA-B4F4-AB2537830BD3}.Release|Any CPU.ActiveCfg = Release|Any CPU
		{DEE0683F-3D38-4ECA-B4F4-AB2537830BD3}.Release|Any CPU.Build.0 = Release|Any CPU
		{55925353-92EF-41F5-990E-8D8B35772525}.Debug|Any CPU.ActiveCfg = Debug|Any CPU
		{55925353-92EF-41F5-990E-8D8B35772525}.Debug|Any CPU.Build.0 = Debug|Any CPU
		{55925353-92EF-41F5-990E-8D8B35772525}.Release|Any CPU.ActiveCfg = Release|Any CPU
		{55925353-92EF-41F5-990E-8D8B35772525}.Release|Any CPU.Build.0 = Release|Any CPU
		{94A06A83-BD13-49E1-AFF8-2FBACE8E54C6}.Debug|Any CPU.ActiveCfg = Debug|Any CPU
		{94A06A83-BD13-49E1-AFF8-2FBACE8E54C6}.Debug|Any CPU.Build.0 = Debug|Any CPU
		{94A06A83-BD13-49E1-AFF8-2FBACE8E54C6}.Release|Any CPU.ActiveCfg = Release|Any CPU
		{94A06A83-BD13-49E1-AFF8-2FBACE8E54C6}.Release|Any CPU.Build.0 = Release|Any CPU
		{DF5B728F-D635-49B8-98C4-FB25D53EDC72}.Debug|Any CPU.ActiveCfg = Debug|Any CPU
		{DF5B728F-D635-49B8-98C4-FB25D53EDC72}.Debug|Any CPU.Build.0 = Debug|Any CPU
		{DF5B728F-D635-49B8-98C4-FB25D53EDC72}.Release|Any CPU.ActiveCfg = Release|Any CPU
		{DF5B728F-D635-49B8-98C4-FB25D53EDC72}.Release|Any CPU.Build.0 = Release|Any CPU
	EndGlobalSection
	GlobalSection(SolutionProperties) = preSolution
		HideSolutionNode = FALSE
	EndGlobalSection
	GlobalSection(ExtensibilityGlobals) = postSolution
		SolutionGuid = {AFD8C317-3FB5-4955-91B4-2E36428B114F}
	EndGlobalSection
EndGlobal
